
Microsoft Visual Studio Solution File, Format Version 12.00
# Visual Studio Version 17
VisualStudioVersion = 17.1.32328.378
MinimumVisualStudioVersion = 10.0.40219.1
Project("{FAE04EC0-301F-11D3-BF4B-00C04F79EFBC}") = "CiberController", "EjemploRTDB\CiberController.csproj", "{8CFF0C02-0109-4B16-AEA3-2234A46C0DC8}"
EndProject
Global
	GlobalSection(SolutionConfigurationPlatforms) = preSolution
		Debug|Any CPU = Debug|Any CPU
		Release|Any CPU = Release|Any CPU
	EndGlobalSection
	GlobalSection(ProjectConfigurationPlatforms) = postSolution
		{8CFF0C02-0109-4B16-AEA3-2234A46C0DC8}.Debug|Any CPU.ActiveCfg = Debug|Any CPU
		{8CFF0C02-0109-4B16-AEA3-2234A46C0DC8}.Debug|Any CPU.Build.0 = Debug|Any CPU
		{8CFF0C02-0109-4B16-AEA3-2234A46C0DC8}.Release|Any CPU.ActiveCfg = Release|Any CPU
		{8CFF0C02-0109-4B16-AEA3-2234A46C0DC8}.Release|Any CPU.Build.0 = Release|Any CPU
	EndGlobalSection
	GlobalSection(SolutionProperties) = preSolution
		HideSolutionNode = FALSE
	EndGlobalSection
	GlobalSection(ExtensibilityGlobals) = postSolution
		SolutionGuid = {6BEC497D-0C1D-4C83-A940-7EAF23712B5B}
	EndGlobalSection
EndGlobal
